
Microsoft Visual Studio Solution File, Format Version 12.00
# Visual Studio 14
VisualStudioVersion = 14.0.25420.1
MinimumVisualStudioVersion = 10.0.40219.1
Project("{FAE04EC0-301F-11D3-BF4B-00C04F79EFBC}") = "Order.UI", "Order.UI\Order.UI.csproj", "{959E747A-E012-4EBE-A129-86FC82E3C7F8}"
EndProject
Project("{FAE04EC0-301F-11D3-BF4B-00C04F79EFBC}") = "Order.Contracts", "Order.Contracts\Order.Contracts.csproj", "{9051C8EB-6CBF-4941-B6BC-D9D3C454AFB7}"
EndProject
Project("{FAE04EC0-301F-11D3-BF4B-00C04F79EFBC}") = "Order.Processor", "Order.Processor\Order.Processor.csproj", "{1D08B28D-74F7-4858-ADBC-B427D3E47856}"
EndProject
Project("{FAE04EC0-301F-11D3-BF4B-00C04F79EFBC}") = "Email.Processor", "Email.Processor\Email.Processor.csproj", "{6EEF7EC9-11D5-470A-9174-26419B4AC496}"
EndProject
Global
	GlobalSection(SolutionConfigurationPlatforms) = preSolution
		Debug|Any CPU = Debug|Any CPU
		Release|Any CPU = Release|Any CPU
	EndGlobalSection
	GlobalSection(ProjectConfigurationPlatforms) = postSolution
		{959E747A-E012-4EBE-A129-86FC82E3C7F8}.Debug|Any CPU.ActiveCfg = Debug|Any CPU
		{959E747A-E012-4EBE-A129-86FC82E3C7F8}.Debug|Any CPU.Build.0 = Debug|Any CPU
		{959E747A-E012-4EBE-A129-86FC82E3C7F8}.Release|Any CPU.ActiveCfg = Release|Any CPU
		{959E747A-E012-4EBE-A129-86FC82E3C7F8}.Release|Any CPU.Build.0 = Release|Any CPU
		{9051C8EB-6CBF-4941-B6BC-D9D3C454AFB7}.Debug|Any CPU.ActiveCfg = Debug|Any CPU
		{9051C8EB-6CBF-4941-B6BC-D9D3C454AFB7}.Debug|Any CPU.Build.0 = Debug|Any CPU
		{9051C8EB-6CBF-4941-B6BC-D9D3C454AFB7}.Release|Any CPU.ActiveCfg = Release|Any CPU
		{9051C8EB-6CBF-4941-B6BC-D9D3C454AFB7}.Release|Any CPU.Build.0 = Release|Any CPU
		{1D08B28D-74F7-4858-ADBC-B427D3E47856}.Debug|Any CPU.ActiveCfg = Debug|Any CPU
		{1D08B28D-74F7-4858-ADBC-B427D3E47856}.Debug|Any CPU.Build.0 = Debug|Any CPU
		{1D08B28D-74F7-4858-ADBC-B427D3E47856}.Release|Any CPU.ActiveCfg = Release|Any CPU
		{1D08B28D-74F7-4858-ADBC-B427D3E47856}.Release|Any CPU.Build.0 = Release|Any CPU
		{6EEF7EC9-11D5-470A-9174-26419B4AC496}.Debug|Any CPU.ActiveCfg = Debug|Any CPU
		{6EEF7EC9-11D5-470A-9174-26419B4AC496}.Debug|Any CPU.Build.0 = Debug|Any CPU
		{6EEF7EC9-11D5-470A-9174-26419B4AC496}.Release|Any CPU.ActiveCfg = Release|Any CPU
		{6EEF7EC9-11D5-470A-9174-26419B4AC496}.Release|Any CPU.Build.0 = Release|Any CPU
	EndGlobalSection
	GlobalSection(SolutionProperties) = preSolution
		HideSolutionNode = FALSE
	EndGlobalSection
EndGlobal
